
Microsoft Visual Studio Solution File, Format Version 12.00
# Visual Studio Version 16
VisualStudioVersion = 16.0.30204.135
MinimumVisualStudioVersion = 10.0.40219.1
Project("{F2A71F9B-5D33-465A-A702-920D77279786}") = "Fado", "Fado\Fado.fsproj", "{BBDECF1D-6ECA-465E-8345-F6E165514677}"
EndProject
Global
	GlobalSection(SolutionConfigurationPlatforms) = preSolution
		Debug|Any CPU = Debug|Any CPU
		Release|Any CPU = Release|Any CPU
	EndGlobalSection
	GlobalSection(ProjectConfigurationPlatforms) = postSolution
		{BBDECF1D-6ECA-465E-8345-F6E165514677}.Debug|Any CPU.ActiveCfg = Debug|Any CPU
		{BBDECF1D-6ECA-465E-8345-F6E165514677}.Debug|Any CPU.Build.0 = Debug|Any CPU
		{BBDECF1D-6ECA-465E-8345-F6E165514677}.Release|Any CPU.ActiveCfg = Release|Any CPU
		{BBDECF1D-6ECA-465E-8345-F6E165514677}.Release|Any CPU.Build.0 = Release|Any CPU
	EndGlobalSection
	GlobalSection(SolutionProperties) = preSolution
		HideSolutionNode = FALSE
	EndGlobalSection
	GlobalSection(ExtensibilityGlobals) = postSolution
		SolutionGuid = {57AE7854-68D5-460A-A711-51EF40D049EB}
	EndGlobalSection
EndGlobal
